
Microsoft Visual Studio Solution File, Format Version 12.00
# Visual Studio Version 17
VisualStudioVersion = 17.0.31903.59
MinimumVisualStudioVersion = 10.0.40219.1
Project("{2150E333-8FDC-42A3-9474-1A3956D46DE8}") = "src", "src", "{2D9E4F6D-E192-4681-B498-E3123B5BA53E}"
EndProject
Project("{2150E333-8FDC-42A3-9474-1A3956D46DE8}") = "test", "test", "{218686D7-EDE5-4167-92CF-AEC2ACE38F8C}"
EndProject
Project("{FAE04EC0-301F-11D3-BF4B-00C04F79EFBC}") = "HP.Clima.API", "src\HP.Clima.API\HP.Clima.API.csproj", "{1DA274C5-1873-4953-9AB4-CDC5ABFA0E58}"
EndProject
Project("{FAE04EC0-301F-11D3-BF4B-00C04F79EFBC}") = "HP.Clima.Domain", "src\HP.Clima.Domain\HP.Clima.Domain.csproj", "{0A20E419-C1EC-4E3F-B0CC-E1B8C32D8364}"
EndProject
Project("{FAE04EC0-301F-11D3-BF4B-00C04F79EFBC}") = "HP.Clima.Service", "src\HP.Clima.Service\HP.Clima.Service.csproj", "{7E332DDE-4EB7-4226-92E2-D0325D52A38C}"
EndProject
Project("{FAE04EC0-301F-11D3-BF4B-00C04F79EFBC}") = "HP.Clima.Infra", "src\HP.Clima.Infra\HP.Clima.Infra.csproj", "{7B4450C8-6B65-400B-B2E6-3256B6C5A2E6}"
EndProject
Project("{2150E333-8FDC-42A3-9474-1A3956D46DE8}") = "unit", "unit", "{8188D7BD-47CD-44AE-8826-E936B8EC59DB}"
EndProject
Project("{FAE04EC0-301F-11D3-BF4B-00C04F79EFBC}") = "HP.Clima.Test.Unit", "test\unit\HP.Clima.Unit.Test\HP.Clima.Test.Unit.csproj", "{9CAE2652-919C-4158-8F31-071618C8DEB6}"
EndProject
Global
	GlobalSection(SolutionConfigurationPlatforms) = preSolution
		Debug|Any CPU = Debug|Any CPU
		Debug|x64 = Debug|x64
		Debug|x86 = Debug|x86
		Release|Any CPU = Release|Any CPU
		Release|x64 = Release|x64
		Release|x86 = Release|x86
	EndGlobalSection
	GlobalSection(ProjectConfigurationPlatforms) = postSolution
		{1DA274C5-1873-4953-9AB4-CDC5ABFA0E58}.Debug|Any CPU.ActiveCfg = Debug|Any CPU
		{1DA274C5-1873-4953-9AB4-CDC5ABFA0E58}.Debug|Any CPU.Build.0 = Debug|Any CPU
		{1DA274C5-1873-4953-9AB4-CDC5ABFA0E58}.Debug|x64.ActiveCfg = Debug|Any CPU
		{1DA274C5-1873-4953-9AB4-CDC5ABFA0E58}.Debug|x64.Build.0 = Debug|Any CPU
		{1DA274C5-1873-4953-9AB4-CDC5ABFA0E58}.Debug|x86.ActiveCfg = Debug|Any CPU
		{1DA274C5-1873-4953-9AB4-CDC5ABFA0E58}.Debug|x86.Build.0 = Debug|Any CPU
		{1DA274C5-1873-4953-9AB4-CDC5ABFA0E58}.Release|Any CPU.ActiveCfg = Release|Any CPU
		{1DA274C5-1873-4953-9AB4-CDC5ABFA0E58}.Release|Any CPU.Build.0 = Release|Any CPU
		{1DA274C5-1873-4953-9AB4-CDC5ABFA0E58}.Release|x64.ActiveCfg = Release|Any CPU
		{1DA274C5-1873-4953-9AB4-CDC5ABFA0E58}.Release|x64.Build.0 = Release|Any CPU
		{1DA274C5-1873-4953-9AB4-CDC5ABFA0E58}.Release|x86.ActiveCfg = Release|Any CPU
		{1DA274C5-1873-4953-9AB4-CDC5ABFA0E58}.Release|x86.Build.0 = Release|Any CPU
		{0A20E419-C1EC-4E3F-B0CC-E1B8C32D8364}.Debug|Any CPU.ActiveCfg = Debug|Any CPU
		{0A20E419-C1EC-4E3F-B0CC-E1B8C32D8364}.Debug|Any CPU.Build.0 = Debug|Any CPU
		{0A20E419-C1EC-4E3F-B0CC-E1B8C32D8364}.Debug|x64.ActiveCfg = Debug|Any CPU
		{0A20E419-C1EC-4E3F-B0CC-E1B8C32D8364}.Debug|x64.Build.0 = Debug|Any CPU
		{0A20E419-C1EC-4E3F-B0CC-E1B8C32D8364}.Debug|x86.ActiveCfg = Debug|Any CPU
		{0A20E419-C1EC-4E3F-B0CC-E1B8C32D8364}.Debug|x86.Build.0 = Debug|Any CPU
		{0A20E419-C1EC-4E3F-B0CC-E1B8C32D8364}.Release|Any CPU.ActiveCfg = Release|Any CPU
		{0A20E419-C1EC-4E3F-B0CC-E1B8C32D8364}.Release|Any CPU.Build.0 = Release|Any CPU
		{0A20E419-C1EC-4E3F-B0CC-E1B8C32D8364}.Release|x64.ActiveCfg = Release|Any CPU
		{0A20E419-C1EC-4E3F-B0CC-E1B8C32D8364}.Release|x64.Build.0 = Release|Any CPU
		{0A20E419-C1EC-4E3F-B0CC-E1B8C32D8364}.Release|x86.ActiveCfg = Release|Any CPU
		{0A20E419-C1EC-4E3F-B0CC-E1B8C32D8364}.Release|x86.Build.0 = Release|Any CPU
		{7E332DDE-4EB7-4226-92E2-D0325D52A38C}.Debug|Any CPU.ActiveCfg = Debug|Any CPU
		{7E332DDE-4EB7-4226-92E2-D0325D52A38C}.Debug|Any CPU.Build.0 = Debug|Any CPU
		{7E332DDE-4EB7-4226-92E2-D0325D52A38C}.Debug|x64.ActiveCfg = Debug|Any CPU
		{7E332DDE-4EB7-4226-92E2-D0325D52A38C}.Debug|x64.Build.0 = Debug|Any CPU
		{7E332DDE-4EB7-4226-92E2-D0325D52A38C}.Debug|x86.ActiveCfg = Debug|Any CPU
		{7E332DDE-4EB7-4226-92E2-D0325D52A38C}.Debug|x86.Build.0 = Debug|Any CPU
		{7E332DDE-4EB7-4226-92E2-D0325D52A38C}.Release|Any CPU.ActiveCfg = Release|Any CPU
		{7E332DDE-4EB7-4226-92E2-D0325D52A38C}.Release|Any CPU.Build.0 = Release|Any CPU
		{7E332DDE-4EB7-4226-92E2-D0325D52A38C}.Release|x64.ActiveCfg = Release|Any CPU
		{7E332DDE-4EB7-4226-92E2-D0325D52A38C}.Release|x64.Build.0 = Release|Any CPU
		{7E332DDE-4EB7-4226-92E2-D0325D52A38C}.Release|x86.ActiveCfg = Release|Any CPU
		{7E332DDE-4EB7-4226-92E2-D0325D52A38C}.Release|x86.Build.0 = Release|Any CPU
		{7B4450C8-6B65-400B-B2E6-3256B6C5A2E6}.Debug|Any CPU.ActiveCfg = Debug|Any CPU
		{7B4450C8-6B65-400B-B2E6-3256B6C5A2E6}.Debug|Any CPU.Build.0 = Debug|Any CPU
		{7B4450C8-6B65-400B-B2E6-3256B6C5A2E6}.Debug|x64.ActiveCfg = Debug|Any CPU
		{7B4450C8-6B65-400B-B2E6-3256B6C5A2E6}.Debug|x64.Build.0 = Debug|Any CPU
		{7B4450C8-6B65-400B-B2E6-3256B6C5A2E6}.Debug|x86.ActiveCfg = Debug|Any CPU
		{7B4450C8-6B65-400B-B2E6-3256B6C5A2E6}.Debug|x86.Build.0 = Debug|Any CPU
		{7B4450C8-6B65-400B-B2E6-3256B6C5A2E6}.Release|Any CPU.ActiveCfg = Release|Any CPU
		{7B4450C8-6B65-400B-B2E6-3256B6C5A2E6}.Release|Any CPU.Build.0 = Release|Any CPU
		{7B4450C8-6B65-400B-B2E6-3256B6C5A2E6}.Release|x64.ActiveCfg = Release|Any CPU
		{7B4450C8-6B65-400B-B2E6-3256B6C5A2E6}.Release|x64.Build.0 = Release|Any CPU
		{7B4450C8-6B65-400B-B2E6-3256B6C5A2E6}.Release|x86.ActiveCfg = Release|Any CPU
		{7B4450C8-6B65-400B-B2E6-3256B6C5A2E6}.Release|x86.Build.0 = Release|Any CPU
		{9CAE2652-919C-4158-8F31-071618C8DEB6}.Debug|Any CPU.ActiveCfg = Debug|Any CPU
		{9CAE2652-919C-4158-8F31-071618C8DEB6}.Debug|Any CPU.Build.0 = Debug|Any CPU
		{9CAE2652-919C-4158-8F31-071618C8DEB6}.Debug|x64.ActiveCfg = Debug|Any CPU
		{9CAE2652-919C-4158-8F31-071618C8DEB6}.Debug|x64.Build.0 = Debug|Any CPU
		{9CAE2652-919C-4158-8F31-071618C8DEB6}.Debug|x86.ActiveCfg = Debug|Any CPU
		{9CAE2652-919C-4158-8F31-071618C8DEB6}.Debug|x86.Build.0 = Debug|Any CPU
		{9CAE2652-919C-4158-8F31-071618C8DEB6}.Release|Any CPU.ActiveCfg = Release|Any CPU
		{9CAE2652-919C-4158-8F31-071618C8DEB6}.Release|Any CPU.Build.0 = Release|Any CPU
		{9CAE2652-919C-4158-8F31-071618C8DEB6}.Release|x64.ActiveCfg = Release|Any CPU
		{9CAE2652-919C-4158-8F31-071618C8DEB6}.Release|x64.Build.0 = Release|Any CPU
		{9CAE2652-919C-4158-8F31-071618C8DEB6}.Release|x86.ActiveCfg = Release|Any CPU
		{9CAE2652-919C-4158-8F31-071618C8DEB6}.Release|x86.Build.0 = Release|Any CPU
	EndGlobalSection
	GlobalSection(SolutionProperties) = preSolution
		HideSolutionNode = FALSE
	EndGlobalSection
	GlobalSection(NestedProjects) = preSolution
		{1DA274C5-1873-4953-9AB4-CDC5ABFA0E58} = {2D9E4F6D-E192-4681-B498-E3123B5BA53E}
		{0A20E419-C1EC-4E3F-B0CC-E1B8C32D8364} = {2D9E4F6D-E192-4681-B498-E3123B5BA53E}
		{7E332DDE-4EB7-4226-92E2-D0325D52A38C} = {2D9E4F6D-E192-4681-B498-E3123B5BA53E}
		{7B4450C8-6B65-400B-B2E6-3256B6C5A2E6} = {2D9E4F6D-E192-4681-B498-E3123B5BA53E}
		{8188D7BD-47CD-44AE-8826-E936B8EC59DB} = {218686D7-EDE5-4167-92CF-AEC2ACE38F8C}
		{9CAE2652-919C-4158-8F31-071618C8DEB6} = {8188D7BD-47CD-44AE-8826-E936B8EC59DB}
	EndGlobalSection
EndGlobal
